{
  "object": {
    "pins": [
      {
        "package": "HighlightedTextEditor",
        "repositoryURL": "https://github.com/kyle-n/HighlightedTextEditor",
        "state": {
          "branch": "main",
          "revision": "7069ede002afc6bde867aef7035f45ff72dc839c",
          "version": null
        }
      },
      {
        "package": "Yams",
        "repositoryURL": "https://github.com/jpsim/Yams",
        "state": {
          "branch": null,
          "revision": "01835dc202670b5bb90d07f3eae41867e9ed29f6",
          "version": "5.0.1"
        }
      }
    ]
  },
  "version": 1
}
